github.com/adityatelange/hugo-PaperMod v0.0.0-20250524045829-5a4651783fa9 h1:vSOmKCogP6L4SV2eO7A2zgO7sdml4Ta7tZSd6ccOTmQ=
github.com/adityatelange/hugo-PaperMod v0.0.0-20250524045829-5a4651783fa9/go.mod h1:HCHxNMKYdGafUYjVV3ICiAqznZK2yH0iI53jqcDFDdQ=
github.com/deranjer/hugo-cookbook v0.0.0-20250413024330-28600dc145d7 h1:mL3l17TFHvO3Ok8HPeZhKilyaBk8wFlKGuzt6iZQPyE=
github.com/deranjer/hugo-cookbook v0.0.0-20250413024330-28600dc145d7/go.mod h1:y/GH0iVpiQZULRuTmU4D4ZeTx7Phyw7iy8wBFHAoJm4=
